// !$*UTF8*$!
{
	archiveVersion = 1;
	classes = {
	};
	objectVersion = 51;
	objects = {

/* Begin PBXBuildFile section */
		AD4A58E0238F183B006CCEE3 /* AppDelegate.swift in Sources */ = {isa = PBXBuildFile; fileRef = AD4A58DF238F183B006CCEE3 /* AppDelegate.swift */; };
		AD4A58E2238F183B006CCEE3 /* SceneDelegate.swift in Sources */ = {isa = PBXBuildFile; fileRef = AD4A58E1238F183B006CCEE3 /* SceneDelegate.swift */; };
		AD4A58E7238F183B006CCEE3 /* Main.storyboard in Resources */ = {isa = PBXBuildFile; fileRef = AD4A58E5238F183B006CCEE3 /* Main.storyboard */; };
		AD4A58E9238F1846006CCEE3 /* Assets.xcassets in Resources */ = {isa = PBXBuildFile; fileRef = AD4A58E8238F1846006CCEE3 /* Assets.xcassets */; };
		AD4A58EC238F1846006CCEE3 /* LaunchScreen.storyboard in Resources */ = {isa = PBXBuildFile; fileRef = AD4A58EA238F1846006CCEE3 /* LaunchScreen.storyboard */; };
		AD4A58F7238F18B0006CCEE3 /* PhotoModel.swift in Sources */ = {isa = PBXBuildFile; fileRef = AD4A58F6238F18B0006CCEE3 /* PhotoModel.swift */; };
		AD4A58F9238F1AA2006CCEE3 /* PhotosViewController.swift in Sources */ = {isa = PBXBuildFile; fileRef = AD4A58F8238F1AA2006CCEE3 /* PhotosViewController.swift */; };
		AD4A58FB238F1C3F006CCEE3 /* PhotoCell.swift in Sources */ = {isa = PBXBuildFile; fileRef = AD4A58FA238F1C3F006CCEE3 /* PhotoCell.swift */; };
		AD4A58FE238F1D70006CCEE3 /* UIImageView.swift in Sources */ = {isa = PBXBuildFile; fileRef = AD4A58FD238F1D70006CCEE3 /* UIImageView.swift */; };
		ADE1FADF238F3F8100145F47 /* ResultSearchViewController.swift in Sources */ = {isa = PBXBuildFile; fileRef = ADE1FADE238F3F8100145F47 /* ResultSearchViewController.swift */; };
		ADE1FAE1238F416100145F47 /* Storyboard.swift in Sources */ = {isa = PBXBuildFile; fileRef = ADE1FAE0238F416100145F47 /* Storyboard.swift */; };
		ADE1FAE3238F419300145F47 /* Language.swift in Sources */ = {isa = PBXBuildFile; fileRef = ADE1FAE2238F419300145F47 /* Language.swift */; };
		ADE1FAE5238F41BB00145F47 /* UIViewController.swift in Sources */ = {isa = PBXBuildFile; fileRef = ADE1FAE4238F41BB00145F47 /* UIViewController.swift */; };
		CF955238B510CBB47BAD4BFD /* Pods_Flickr.framework in Frameworks */ = {isa = PBXBuildFile; fileRef = 8CA6652413FB6A73CB43BAA0 /* Pods_Flickr.framework */; };
/* End PBXBuildFile section */

/* Begin PBXFileReference section */
		8CA6652413FB6A73CB43BAA0 /* Pods_Flickr.framework */ = {isa = PBXFileReference; explicitFileType = wrapper.framework; includeInIndex = 0; path = Pods_Flickr.framework; sourceTree = BUILT_PRODUCTS_DIR; };
		AD4A58DC238F183B006CCEE3 /* Flickr.app */ = {isa = PBXFileReference; explicitFileType = wrapper.application; includeInIndex = 0; path = Flickr.app; sourceTree = BUILT_PRODUCTS_DIR; };
		AD4A58DF238F183B006CCEE3 /* AppDelegate.swift */ = {isa = PBXFileReference; lastKnownFileType = sourcecode.swift; path = AppDelegate.swift; sourceTree = "<group>"; };
		AD4A58E1238F183B006CCEE3 /* SceneDelegate.swift */ = {isa = PBXFileReference; lastKnownFileType = sourcecode.swift; path = SceneDelegate.swift; sourceTree = "<group>"; };
		AD4A58E6238F183B006CCEE3 /* Base */ = {isa = PBXFileReference; lastKnownFileType = file.storyboard; name = Base; path = Base.lproj/Main.storyboard; sourceTree = "<group>"; };
		AD4A58E8238F1846006CCEE3 /* Assets.xcassets */ = {isa = PBXFileReference; lastKnownFileType = folder.assetcatalog; path = Assets.xcassets; sourceTree = "<group>"; };
		AD4A58EB238F1846006CCEE3 /* Base */ = {isa = PBXFileReference; lastKnownFileType = file.storyboard; name = Base; path = Base.lproj/LaunchScreen.storyboard; sourceTree = "<group>"; };
		AD4A58ED238F1846006CCEE3 /* Info.plist */ = {isa = PBXFileReference; lastKnownFileType = text.plist.xml; path = Info.plist; sourceTree = "<group>"; };
		AD4A58F6238F18B0006CCEE3 /* PhotoModel.swift */ = {isa = PBXFileReference; lastKnownFileType = sourcecode.swift; path = PhotoModel.swift; sourceTree = "<group>"; };
		AD4A58F8238F1AA2006CCEE3 /* PhotosViewController.swift */ = {isa = PBXFileReference; lastKnownFileType = sourcecode.swift; path = PhotosViewController.swift; sourceTree = "<group>"; };
		AD4A58FA238F1C3F006CCEE3 /* PhotoCell.swift */ = {isa = PBXFileReference; lastKnownFileType = sourcecode.swift; path = PhotoCell.swift; sourceTree = "<group>"; };
		AD4A58FD238F1D70006CCEE3 /* UIImageView.swift */ = {isa = PBXFileReference; lastKnownFileType = sourcecode.swift; path = UIImageView.swift; sourceTree = "<group>"; };
		ADE1FADE238F3F8100145F47 /* ResultSearchViewController.swift */ = {isa = PBXFileReference; lastKnownFileType = sourcecode.swift; path = ResultSearchViewController.swift; sourceTree = "<group>"; };
		ADE1FAE0238F416100145F47 /* Storyboard.swift */ = {isa = PBXFileReference; lastKnownFileType = sourcecode.swift; path = Storyboard.swift; sourceTree = "<group>"; };
		ADE1FAE2238F419300145F47 /* Language.swift */ = {isa = PBXFileReference; lastKnownFileType = sourcecode.swift; path = Language.swift; sourceTree = "<group>"; };
		ADE1FAE4238F41BB00145F47 /* UIViewController.swift */ = {isa = PBXFileReference; lastKnownFileType = sourcecode.swift; path = UIViewController.swift; sourceTree = "<group>"; };
		BFF41BB9FB79E63FD3A865E2 /* Pods-Flickr.release.xcconfig */ = {isa = PBXFileReference; includeInIndex = 1; lastKnownFileType = text.xcconfig; name = "Pods-Flickr.release.xcconfig"; path = "Target Support Files/Pods-Flickr/Pods-Flickr.release.xcconfig"; sourceTree = "<group>"; };
		E617496E0F6B1FFF50080083 /* Pods-Flickr.debug.xcconfig */ = {isa = PBXFileReference; includeInIndex = 1; lastKnownFileType = text.xcconfig; name = "Pods-Flickr.debug.xcconfig"; path = "Target Support Files/Pods-Flickr/Pods-Flickr.debug.xcconfig"; sourceTree = "<group>"; };
/* End PBXFileReference section */

/* Begin PBXFrameworksBuildPhase section */
		AD4A58D9238F183A006CCEE3 /* Frameworks */ = {
			isa = PBXFrameworksBuildPhase;
			buildActionMask = 2147483647;
			files = (
				CF955238B510CBB47BAD4BFD /* Pods_Flickr.framework in Frameworks */,
			);
			runOnlyForDeploymentPostprocessing = 0;
		};
/* End PBXFrameworksBuildPhase section */

/* Begin PBXGroup section */
		317C6A8BAA75FA4D6B9A0E3D /* Pods */ = {
			isa = PBXGroup;
			children = (
				E617496E0F6B1FFF50080083 /* Pods-Flickr.debug.xcconfig */,
				BFF41BB9FB79E63FD3A865E2 /* Pods-Flickr.release.xcconfig */,
			);
			path = Pods;
			sourceTree = "<group>";
		};
		5715C700E802FC15612D3F41 /* Frameworks */ = {
			isa = PBXGroup;
			children = (
				8CA6652413FB6A73CB43BAA0 /* Pods_Flickr.framework */,
			);
			name = Frameworks;
			sourceTree = "<group>";
		};
		AD4A58D3238F183A006CCEE3 = {
			isa = PBXGroup;
			children = (
				AD4A58DE238F183B006CCEE3 /* Flickr */,
				AD4A58DD238F183B006CCEE3 /* Products */,
				317C6A8BAA75FA4D6B9A0E3D /* Pods */,
				5715C700E802FC15612D3F41 /* Frameworks */,
			);
			sourceTree = "<group>";
		};
		AD4A58DD238F183B006CCEE3 /* Products */ = {
			isa = PBXGroup;
			children = (
				AD4A58DC238F183B006CCEE3 /* Flickr.app */,
			);
			name = Products;
			sourceTree = "<group>";
		};
		AD4A58DE238F183B006CCEE3 /* Flickr */ = {
			isa = PBXGroup;
			children = (
				ADE1FAE6238F42A600145F47 /* Commonent */,
				AD4A58FC238F1D60006CCEE3 /* Extention */,
				AD4A58DF238F183B006CCEE3 /* AppDelegate.swift */,
				AD4A58E1238F183B006CCEE3 /* SceneDelegate.swift */,
				AD4A58E5238F183B006CCEE3 /* Main.storyboard */,
				AD4A58E8238F1846006CCEE3 /* Assets.xcassets */,
				AD4A58EA238F1846006CCEE3 /* LaunchScreen.storyboard */,
				AD4A58ED238F1846006CCEE3 /* Info.plist */,
			);
			path = Flickr;
			sourceTree = "<group>";
		};
		AD4A58F3238F1880006CCEE3 /* Model */ = {
			isa = PBXGroup;
			children = (
				AD4A58F6238F18B0006CCEE3 /* PhotoModel.swift */,
			);
			path = Model;
			sourceTree = "<group>";
		};
		AD4A58F4238F1888006CCEE3 /* View */ = {
			isa = PBXGroup;
			children = (
				AD4A58FA238F1C3F006CCEE3 /* PhotoCell.swift */,
			);
			path = View;
			sourceTree = "<group>";
		};
		AD4A58F5238F1895006CCEE3 /* Controller */ = {
			isa = PBXGroup;
			children = (
				AD4A58F8238F1AA2006CCEE3 /* PhotosViewController.swift */,
				ADE1FADE238F3F8100145F47 /* ResultSearchViewController.swift */,
			);
			path = Controller;
			sourceTree = "<group>";
		};
		AD4A58FC238F1D60006CCEE3 /* Extention */ = {
			isa = PBXGroup;
			children = (
				AD4A58FD238F1D70006CCEE3 /* UIImageView.swift */,
				ADE1FAE0238F416100145F47 /* Storyboard.swift */,
				ADE1FAE2238F419300145F47 /* Language.swift */,
				ADE1FAE4238F41BB00145F47 /* UIViewController.swift */,
			);
			path = Extention;
			sourceTree = "<group>";
		};
		ADE1FAE6238F42A600145F47 /* Commonent */ = {
			isa = PBXGroup;
			children = (
				AD4A58F5238F1895006CCEE3 /* Controller */,
				AD4A58F4238F1888006CCEE3 /* View */,
				AD4A58F3238F1880006CCEE3 /* Model */,
			);
			path = Commonent;
			sourceTree = "<group>";
		};
/* End PBXGroup section */

/* Begin PBXNativeTarget section */
		AD4A58DB238F183A006CCEE3 /* Flickr */ = {
			isa = PBXNativeTarget;
			buildConfigurationList = AD4A58F0238F1846006CCEE3 /* Build configuration list for PBXNativeTarget "Flickr" */;
			buildPhases = (
				190600EA9667E460E91826D5 /* [CP] Check Pods Manifest.lock */,
				AD4A58D8238F183A006CCEE3 /* Sources */,
				AD4A58D9238F183A006CCEE3 /* Frameworks */,
				AD4A58DA238F183A006CCEE3 /* Resources */,
				575363B295E5701B49F3D389 /* [CP] Embed Pods Frameworks */,
			);
			buildRules = (
			);
			dependencies = (
			);
			name = Flickr;
			productName = Flickr;
			productReference = AD4A58DC238F183B006CCEE3 /* Flickr.app */;
			productType = "com.apple.product-type.application";
		};
/* End PBXNativeTarget section */

/* Begin PBXProject section */
		AD4A58D4238F183A006CCEE3 /* Project object */ = {
			isa = PBXProject;
			attributes = {
				LastSwiftUpdateCheck = 1120;
				LastUpgradeCheck = 1120;
				ORGANIZATIONNAME = ElMeMy;
				TargetAttributes = {
					AD4A58DB238F183A006CCEE3 = {
						CreatedOnToolsVersion = 11.2.1;
					};
				};
			};
			buildConfigurationList = AD4A58D7238F183A006CCEE3 /* Build configuration list for PBXProject "Flickr" */;
			compatibilityVersion = "Xcode 9.3";
			developmentRegion = en;
			hasScannedForEncodings = 0;
			knownRegions = (
				en,
				Base,
			);
			mainGroup = AD4A58D3238F183A006CCEE3;
			productRefGroup = AD4A58DD238F183B006CCEE3 /* Products */;
			projectDirPath = "";
			projectRoot = "";
			targets = (
				AD4A58DB238F183A006CCEE3 /* Flickr */,
			);
		};
/* End PBXProject section */

/* Begin PBXResourcesBuildPhase section */
		AD4A58DA238F183A006CCEE3 /* Resources */ = {
			isa = PBXResourcesBuildPhase;
			buildActionMask = 2147483647;
			files = (
				AD4A58EC238F1846006CCEE3 /* LaunchScreen.storyboard in Resources */,
				AD4A58E9238F1846006CCEE3 /* Assets.xcassets in Resources */,
				AD4A58E7238F183B006CCEE3 /* Main.storyboard in Resources */,
			);
			runOnlyForDeploymentPostprocessing = 0;
		};
/* End PBXResourcesBuildPhase section */

/* Begin PBXShellScriptBuildPhase section */
		190600EA9667E460E91826D5 /* [CP] Check Pods Manifest.lock */ = {
			isa = PBXShellScriptBuildPhase;
			buildActionMask = 2147483647;
			files = (
			);
			inputFileListPaths = (
			);
			inputPaths = (
				"${PODS_PODFILE_DIR_PATH}/Podfile.lock",
				"${PODS_ROOT}/Manifest.lock",
			);
			name = "[CP] Check Pods Manifest.lock";
			outputFileListPaths = (
			);
			outputPaths = (
				"$(DERIVED_FILE_DIR)/Pods-Flickr-checkManifestLockResult.txt",
			);
			runOnlyForDeploymentPostprocessing = 0;
			shellPath = /bin/sh;
			shellScript = "diff \"${PODS_PODFILE_DIR_PATH}/Podfile.lock\" \"${PODS_ROOT}/Manifest.lock\" > /dev/null\nif [ $? != 0 ] ; then\n    # print error to STDERR\n    echo \"error: The sandbox is not in sync with the Podfile.lock. Run 'pod install' or update your CocoaPods installation.\" >&2\n    exit 1\nfi\n# This output is used by Xcode 'outputs' to avoid re-running this script phase.\necho \"SUCCESS\" > \"${SCRIPT_OUTPUT_FILE_0}\"\n";
			showEnvVarsInLog = 0;
		};
		575363B295E5701B49F3D389 /* [CP] Embed Pods Frameworks */ = {
			isa = PBXShellScriptBuildPhase;
			buildActionMask = 2147483647;
			files = (
			);
			inputFileListPaths = (
				"${PODS_ROOT}/Target Support Files/Pods-Flickr/Pods-Flickr-frameworks-${CONFIGURATION}-input-files.xcfilelist",
			);
			name = "[CP] Embed Pods Frameworks";
			outputFileListPaths = (
				"${PODS_ROOT}/Target Support Files/Pods-Flickr/Pods-Flickr-frameworks-${CONFIGURATION}-output-files.xcfilelist",
			);
			runOnlyForDeploymentPostprocessing = 0;
			shellPath = /bin/sh;
			shellScript = "\"${PODS_ROOT}/Target Support Files/Pods-Flickr/Pods-Flickr-frameworks.sh\"\n";
			showEnvVarsInLog = 0;
		};
/* End PBXShellScriptBuildPhase section */

/* Begin PBXSourcesBuildPhase section */
		AD4A58D8238F183A006CCEE3 /* Sources */ = {
			isa = PBXSourcesBuildPhase;
			buildActionMask = 2147483647;
			files = (
				AD4A58F7238F18B0006CCEE3 /* PhotoModel.swift in Sources */,
				AD4A58FB238F1C3F006CCEE3 /* PhotoCell.swift in Sources */,
				ADE1FADF238F3F8100145F47 /* ResultSearchViewController.swift in Sources */,
				ADE1FAE3238F419300145F47 /* Language.swift in Sources */,
				ADE1FAE5238F41BB00145F47 /* UIViewController.swift in Sources */,
				AD4A58F9238F1AA2006CCEE3 /* PhotosViewController.swift in Sources */,
				ADE1FAE1238F416100145F47 /* Storyboard.swift in Sources */,
				AD4A58E0238F183B006CCEE3 /* AppDelegate.swift in Sources */,
				AD4A58FE238F1D70006CCEE3 /* UIImageView.swift in Sources */,
				AD4A58E2238F183B006CCEE3 /* SceneDelegate.swift in Sources */,
			);
			runOnlyForDeploymentPostprocessing = 0;
		};
/* End PBXSourcesBuildPhase section */

/* Begin PBXVariantGroup section */
		AD4A58E5238F183B006CCEE3 /* Main.storyboard */ = {
			isa = PBXVariantGroup;
			children = (
				AD4A58E6238F183B006CCEE3 /* Base */,
			);
			name = Main.storyboard;
			sourceTree = "<group>";
		};
		AD4A58EA238F1846006CCEE3 /* LaunchScreen.storyboard */ = {
			isa = PBXVariantGroup;
			children = (
				AD4A58EB238F1846006CCEE3 /* Base */,
			);
			name = LaunchScreen.storyboard;
			sourceTree = "<group>";
		};
/* End PBXVariantGroup section */

/* Begin XCBuildConfiguration section */
		AD4A58EE238F1846006CCEE3 /* Debug */ = {
			isa = XCBuildConfiguration;
			buildSettings = {
				ALWAYS_SEARCH_USER_PATHS = NO;
				CLANG_ANALYZER_NONNULL = YES;
				CLANG_ANALYZER_NUMBER_OBJECT_CONVERSION = YES_AGGRESSIVE;
				CLANG_CXX_LANGUAGE_STANDARD = "gnu++14";
				CLANG_CXX_LIBRARY = "libc++";
				CLANG_ENABLE_MODULES = YES;
				CLANG_ENABLE_OBJC_ARC = YES;
				CLANG_ENABLE_OBJC_WEAK = YES;
				CLANG_WARN_BLOCK_CAPTURE_AUTORELEASING = YES;
				CLANG_WARN_BOOL_CONVERSION = YES;
				CLANG_WARN_COMMA = YES;
				CLANG_WARN_CONSTANT_CONVERSION = YES;
				CLANG_WARN_DEPRECATED_OBJC_IMPLEMENTATIONS = YES;
				CLANG_WARN_DIRECT_OBJC_ISA_USAGE = YES_ERROR;
				CLANG_WARN_DOCUMENTATION_COMMENTS = YES;
				CLANG_WARN_EMPTY_BODY = YES;
				CLANG_WARN_ENUM_CONVERSION = YES;
				CLANG_WARN_INFINITE_RECURSION = YES;
				CLANG_WARN_INT_CONVERSION = YES;
				CLANG_WARN_NON_LITERAL_NULL_CONVERSION = YES;
				CLANG_WARN_OBJC_IMPLICIT_RETAIN_SELF = YES;
				CLANG_WARN_OBJC_LITERAL_CONVERSION = YES;
				CLANG_WARN_OBJC_ROOT_CLASS = YES_ERROR;
				CLANG_WARN_RANGE_LOOP_ANALYSIS = YES;
				CLANG_WARN_STRICT_PROTOTYPES = YES;
				CLANG_WARN_SUSPICIOUS_MOVE = YES;
				CLANG_WARN_UNGUARDED_AVAILABILITY = YES_AGGRESSIVE;
				CLANG_WARN_UNREACHABLE_CODE = YES;
				CLANG_WARN__DUPLICATE_METHOD_MATCH = YES;
				COPY_PHASE_STRIP = NO;
				DEBUG_INFORMATION_FORMAT = dwarf;
				ENABLE_STRICT_OBJC_MSGSEND = YES;
				ENABLE_TESTABILITY = YES;
				GCC_C_LANGUAGE_STANDARD = gnu11;
				GCC_DYNAMIC_NO_PIC = NO;
				GCC_NO_COMMON_BLOCKS = YES;
				GCC_OPTIMIZATION_LEVEL = 0;
				GCC_PREPROCESSOR_DEFINITIONS = (
					"DEBUG=1",
					"$(inherited)",
				);
				GCC_WARN_64_TO_32_BIT_CONVERSION = YES;
				GCC_WARN_ABOUT_RETURN_TYPE = YES_ERROR;
				GCC_WARN_UNDECLARED_SELECTOR = YES;
				GCC_WARN_UNINITIALIZED_AUTOS = YES_AGGRESSIVE;
				GCC_WARN_UNUSED_FUNCTION = YES;
				GCC_WARN_UNUSED_VARIABLE = YES;
				IPHONEOS_DEPLOYMENT_TARGET = 13.2;
				MTL_ENABLE_DEBUG_INFO = INCLUDE_SOURCE;
				MTL_FAST_MATH = YES;
				ONLY_ACTIVE_ARCH = YES;
				SDKROOT = iphoneos;
				SWIFT_ACTIVE_COMPILATION_CONDITIONS = DEBUG;
				SWIFT_OPTIMIZATION_LEVEL = "-Onone";
			};
			name = Debug;
		};
		AD4A58EF238F1846006CCEE3 /* Release */ = {
			isa = XCBuildConfiguration;
			buildSettings = {
				ALWAYS_SEARCH_USER_PATHS = NO;
				CLANG_ANALYZER_NONNULL = YES;
				CLANG_ANALYZER_NUMBER_OBJECT_CONVERSION = YES_AGGRESSIVE;
				CLANG_CXX_LANGUAGE_STANDARD = "gnu++14";
				CLANG_CXX_LIBRARY = "libc++";
				CLANG_ENABLE_MODULES = YES;
				CLANG_ENABLE_OBJC_ARC = YES;
				CLANG_ENABLE_OBJC_WEAK = YES;
				CLANG_WARN_BLOCK_CAPTURE_AUTORELEASING = YES;
				CLANG_WARN_BOOL_CONVERSION = YES;
				CLANG_WARN_COMMA = YES;
				CLANG_WARN_CONSTANT_CONVERSION = YES;
				CLANG_WARN_DEPRECATED_OBJC_IMPLEMENTATIONS = YES;
				CLANG_WARN_DIRECT_OBJC_ISA_USAGE = YES_ERROR;
				CLANG_WARN_DOCUMENTATION_COMMENTS = YES;
				CLANG_WARN_EMPTY_BODY = YES;
				CLANG_WARN_ENUM_CONVERSION = YES;
				CLANG_WARN_INFINITE_RECURSION = YES;
				CLANG_WARN_INT_CONVERSION = YES;
				CLANG_WARN_NON_LITERAL_NULL_CONVERSION = YES;
				CLANG_WARN_OBJC_IMPLICIT_RETAIN_SELF = YES;
				CLANG_WARN_OBJC_LITERAL_CONVERSION = YES;
				CLANG_WARN_OBJC_ROOT_CLASS = YES_ERROR;
				CLANG_WARN_RANGE_LOOP_ANALYSIS = YES;
				CLANG_WARN_STRICT_PROTOTYPES = YES;
				CLANG_WARN_SUSPICIOUS_MOVE = YES;
				CLANG_WARN_UNGUARDED_AVAILABILITY = YES_AGGRESSIVE;
				CLANG_WARN_UNREACHABLE_CODE = YES;
				CLANG_WARN__DUPLICATE_METHOD_MATCH = YES;
				COPY_PHASE_STRIP = NO;
				DEBUG_INFORMATION_FORMAT = "dwarf-with-dsym";
				ENABLE_NS_ASSERTIONS = NO;
				ENABLE_STRICT_OBJC_MSGSEND = YES;
				GCC_C_LANGUAGE_STANDARD = gnu11;
				GCC_NO_COMMON_BLOCKS = YES;
				GCC_WARN_64_TO_32_BIT_CONVERSION = YES;
				GCC_WARN_ABOUT_RETURN_TYPE = YES_ERROR;
				GCC_WARN_UNDECLARED_SELECTOR = YES;
				GCC_WARN_UNINITIALIZED_AUTOS = YES_AGGRESSIVE;
				GCC_WARN_UNUSED_FUNCTION = YES;
				GCC_WARN_UNUSED_VARIABLE = YES;
				IPHONEOS_DEPLOYMENT_TARGET = 13.2;
				MTL_ENABLE_DEBUG_INFO = NO;
				MTL_FAST_MATH = YES;
				SDKROOT = iphoneos;
				SWIFT_COMPILATION_MODE = wholemodule;
				SWIFT_OPTIMIZATION_LEVEL = "-O";
				VALIDATE_PRODUCT = YES;
			};
			name = Release;
		};
		AD4A58F1238F1846006CCEE3 /* Debug */ = {
			isa = XCBuildConfiguration;
			baseConfigurationReference = E617496E0F6B1FFF50080083 /* Pods-Flickr.debug.xcconfig */;
			buildSettings = {
				ASSETCATALOG_COMPILER_APPICON_NAME = AppIcon;
				CODE_SIGN_STYLE = Automatic;
				DEVELOPMENT_TEAM = ZUMG9R88LL;
				INFOPLIST_FILE = Flickr/Info.plist;
				LD_RUNPATH_SEARCH_PATHS = (
					"$(inherited)",
					"@executable_path/Frameworks",
				);
				PRODUCT_BUNDLE_IDENTIFIER = ElMeMy.Flickr;
				PRODUCT_NAME = "$(TARGET_NAME)";
				SWIFT_VERSION = 5.0;
				TARGETED_DEVICE_FAMILY = "1,2";
			};
			name = Debug;
		};
		AD4A58F2238F1846006CCEE3 /* Release */ = {
			isa = XCBuildConfiguration;
			baseConfigurationReference = BFF41BB9FB79E63FD3A865E2 /* Pods-Flickr.release.xcconfig */;
			buildSettings = {
				ASSETCATALOG_COMPILER_APPICON_NAME = AppIcon;
				CODE_SIGN_STYLE = Automatic;
				DEVELOPMENT_TEAM = ZUMG9R88LL;
				INFOPLIST_FILE = Flickr/Info.plist;
				LD_RUNPATH_SEARCH_PATHS = (
					"$(inherited)",
					"@executable_path/Frameworks",
				);
				PRODUCT_BUNDLE_IDENTIFIER = ElMeMy.Flickr;
				PRODUCT_NAME = "$(TARGET_NAME)";
				SWIFT_VERSION = 5.0;
				TARGETED_DEVICE_FAMILY = "1,2";
			};
			name = Release;
		};
/* End XCBuildConfiguration section */

/* Begin XCConfigurationList section */
		AD4A58D7238F183A006CCEE3 /* Build configuration list for PBXProject "Flickr" */ = {
			isa = XCConfigurationList;
			buildConfigurations = (
				AD4A58EE238F1846006CCEE3 /* Debug */,
				AD4A58EF238F1846006CCEE3 /* Release */,
			);
			defaultConfigurationIsVisible = 0;
			defaultConfigurationName = Release;
		};
		AD4A58F0238F1846006CCEE3 /* Build configuration list for PBXNativeTarget "Flickr" */ = {
			isa = XCConfigurationList;
			buildConfigurations = (
				AD4A58F1238F1846006CCEE3 /* Debug */,
				AD4A58F2238F1846006CCEE3 /* Release */,
			);
			defaultConfigurationIsVisible = 0;
			defaultConfigurationName = Release;
		};
/* End XCConfigurationList section */
	};
	rootObject = AD4A58D4238F183A006CCEE3 /* Project object */;
}
